
Microsoft Visual Studio Solution File, Format Version 12.00
# Visual Studio Version 17
VisualStudioVersion = 17.4.33205.214
MinimumVisualStudioVersion = 10.0.40219.1
Project("{FAE04EC0-301F-11D3-BF4B-00C04F79EFBC}") = "WebApiSample", "WebApiSample\WebApiSample.csproj", "{62D476BB-076C-4414-BE93-FF9E0ED1BC68}"
EndProject
Global
	GlobalSection(SolutionConfigurationPlatforms) = preSolution
		Debug|Any CPU = Debug|Any CPU
		Release|Any CPU = Release|Any CPU
	EndGlobalSection
	GlobalSection(ProjectConfigurationPlatforms) = postSolution
		{62D476BB-076C-4414-BE93-FF9E0ED1BC68}.Debug|Any CPU.ActiveCfg = Debug|Any CPU
		{62D476BB-076C-4414-BE93-FF9E0ED1BC68}.Debug|Any CPU.Build.0 = Debug|Any CPU
		{62D476BB-076C-4414-BE93-FF9E0ED1BC68}.Release|Any CPU.ActiveCfg = Release|Any CPU
		{62D476BB-076C-4414-BE93-FF9E0ED1BC68}.Release|Any CPU.Build.0 = Release|Any CPU
	EndGlobalSection
	GlobalSection(SolutionProperties) = preSolution
		HideSolutionNode = FALSE
	EndGlobalSection
	GlobalSection(ExtensibilityGlobals) = postSolution
		SolutionGuid = {022D5FE3-4946-4D86-892E-5CBC39A9CEC0}
	EndGlobalSection
EndGlobal
